
Microsoft Visual Studio Solution File, Format Version 12.00
# Visual Studio Version 17
VisualStudioVersion = 17.0.31903.59
MinimumVisualStudioVersion = 10.0.40219.1
Project("{9A19103F-16F7-4668-BE54-9A1E7A4F7556}") = "Reactivities.Api", "Reactivities.Api\Reactivities.Api.csproj", "{DA3312D1-AE3E-407A-85F5-08F58BB2DAB5}"
EndProject
Project("{9A19103F-16F7-4668-BE54-9A1E7A4F7556}") = "Reactivities.Application", "Reactivities.Application\Reactivities.Application.csproj", "{8385EB0C-3075-4F2D-B4B2-A4B4A8DA1BAF}"
EndProject
Project("{9A19103F-16F7-4668-BE54-9A1E7A4F7556}") = "Reactivities.Persistence", "Reactivities.Persistence\Reactivities.Persistence.csproj", "{F610452C-DFEC-4EFC-A0C0-D66487D8CC7A}"
EndProject
Project("{9A19103F-16F7-4668-BE54-9A1E7A4F7556}") = "Reactivities.Infrastructure", "Reactivities.Infrastructure\Reactivities.Infrastructure.csproj", "{3901CBEA-7FA7-4E55-B607-4EB1E053CBCC}"
EndProject
Project("{2150E333-8FDC-42A3-9474-1A3956D46DE8}") = "Solution Items", "Solution Items", "{D5BE09EB-14D6-4AE0-86FA-6D32B3140715}"
	ProjectSection(SolutionItems) = preProject
		.editorconfig = .editorconfig
	EndProjectSection
EndProject
Project("{FAE04EC0-301F-11D3-BF4B-00C04F79EFBC}") = "Reactivities.Domain", "Reactivities.Domain\Reactivities.Domain.csproj", "{61714A08-9926-4615-9E48-99C9FBAA5B53}"
EndProject
Global
	GlobalSection(SolutionConfigurationPlatforms) = preSolution
		Debug|Any CPU = Debug|Any CPU
		Release|Any CPU = Release|Any CPU
	EndGlobalSection
	GlobalSection(ProjectConfigurationPlatforms) = postSolution
		{DA3312D1-AE3E-407A-85F5-08F58BB2DAB5}.Debug|Any CPU.ActiveCfg = Debug|Any CPU
		{DA3312D1-AE3E-407A-85F5-08F58BB2DAB5}.Debug|Any CPU.Build.0 = Debug|Any CPU
		{DA3312D1-AE3E-407A-85F5-08F58BB2DAB5}.Release|Any CPU.ActiveCfg = Release|Any CPU
		{DA3312D1-AE3E-407A-85F5-08F58BB2DAB5}.Release|Any CPU.Build.0 = Release|Any CPU
		{8385EB0C-3075-4F2D-B4B2-A4B4A8DA1BAF}.Debug|Any CPU.ActiveCfg = Debug|Any CPU
		{8385EB0C-3075-4F2D-B4B2-A4B4A8DA1BAF}.Debug|Any CPU.Build.0 = Debug|Any CPU
		{8385EB0C-3075-4F2D-B4B2-A4B4A8DA1BAF}.Release|Any CPU.ActiveCfg = Release|Any CPU
		{8385EB0C-3075-4F2D-B4B2-A4B4A8DA1BAF}.Release|Any CPU.Build.0 = Release|Any CPU
		{F610452C-DFEC-4EFC-A0C0-D66487D8CC7A}.Debug|Any CPU.ActiveCfg = Debug|Any CPU
		{F610452C-DFEC-4EFC-A0C0-D66487D8CC7A}.Debug|Any CPU.Build.0 = Debug|Any CPU
		{F610452C-DFEC-4EFC-A0C0-D66487D8CC7A}.Release|Any CPU.ActiveCfg = Release|Any CPU
		{F610452C-DFEC-4EFC-A0C0-D66487D8CC7A}.Release|Any CPU.Build.0 = Release|Any CPU
		{3901CBEA-7FA7-4E55-B607-4EB1E053CBCC}.Debug|Any CPU.ActiveCfg = Debug|Any CPU
		{3901CBEA-7FA7-4E55-B607-4EB1E053CBCC}.Debug|Any CPU.Build.0 = Debug|Any CPU
		{3901CBEA-7FA7-4E55-B607-4EB1E053CBCC}.Release|Any CPU.ActiveCfg = Release|Any CPU
		{3901CBEA-7FA7-4E55-B607-4EB1E053CBCC}.Release|Any CPU.Build.0 = Release|Any CPU
		{61714A08-9926-4615-9E48-99C9FBAA5B53}.Debug|Any CPU.ActiveCfg = Debug|Any CPU
		{61714A08-9926-4615-9E48-99C9FBAA5B53}.Debug|Any CPU.Build.0 = Debug|Any CPU
		{61714A08-9926-4615-9E48-99C9FBAA5B53}.Release|Any CPU.ActiveCfg = Release|Any CPU
		{61714A08-9926-4615-9E48-99C9FBAA5B53}.Release|Any CPU.Build.0 = Release|Any CPU
	EndGlobalSection
	GlobalSection(SolutionProperties) = preSolution
		HideSolutionNode = FALSE
	EndGlobalSection
	GlobalSection(ExtensibilityGlobals) = postSolution
		SolutionGuid = {3B18B88A-7995-4AD8-BF76-632EBB852DA9}
	EndGlobalSection
EndGlobal
